
Microsoft Visual Studio Solution File, Format Version 12.00
# Visual Studio 2013
VisualStudioVersion = 12.0.21005.1
MinimumVisualStudioVersion = 10.0.40219.1
Project("{FAE04EC0-301F-11D3-BF4B-00C04F79EFBC}") = "Converters.Infrastructure", "Converters.Infrastructure\Converters.Infrastructure.csproj", "{56A213FE-4854-4D8D-8B8A-546FBBCFDE7A}"
EndProject
Project("{FAE04EC0-301F-11D3-BF4B-00C04F79EFBC}") = "Converters.Tester", "Converters.Tester\Converters.Tester.csproj", "{98FF95CC-D293-4509-8365-D949D99F332F}"
EndProject
Global
	GlobalSection(SolutionConfigurationPlatforms) = preSolution
		Debug|Any CPU = Debug|Any CPU
		Release|Any CPU = Release|Any CPU
	EndGlobalSection
	GlobalSection(ProjectConfigurationPlatforms) = postSolution
		{56A213FE-4854-4D8D-8B8A-546FBBCFDE7A}.Debug|Any CPU.ActiveCfg = Debug|Any CPU
		{56A213FE-4854-4D8D-8B8A-546FBBCFDE7A}.Debug|Any CPU.Build.0 = Debug|Any CPU
		{56A213FE-4854-4D8D-8B8A-546FBBCFDE7A}.Release|Any CPU.ActiveCfg = Release|Any CPU
		{56A213FE-4854-4D8D-8B8A-546FBBCFDE7A}.Release|Any CPU.Build.0 = Release|Any CPU
		{98FF95CC-D293-4509-8365-D949D99F332F}.Debug|Any CPU.ActiveCfg = Debug|Any CPU
		{98FF95CC-D293-4509-8365-D949D99F332F}.Debug|Any CPU.Build.0 = Debug|Any CPU
		{98FF95CC-D293-4509-8365-D949D99F332F}.Release|Any CPU.ActiveCfg = Release|Any CPU
		{98FF95CC-D293-4509-8365-D949D99F332F}.Release|Any CPU.Build.0 = Release|Any CPU
	EndGlobalSection
	GlobalSection(SolutionProperties) = preSolution
		HideSolutionNode = FALSE
	EndGlobalSection
EndGlobal
